{
    "version": 3,
    "terraform_version": "0.10.2",
    "serial": 7,
    "lineage": "fa00d056-7624-402c-90ea-724555643f89",
    "modules": [
        {
            "path": [
                "root"
            ],
            "outputs": {},
            "resources": {
                "aws_instance.example": {
                    "type": "aws_instance",
                    "depends_on": [],
                    "primary": {
                        "id": "i-0bc5114b74bb85011",
                        "attributes": {
                            "ami": "ami-090e7163",
                            "associate_public_ip_address": "true",
                            "availability_zone": "us-east-1d",
                            "disable_api_termination": "false",
                            "ebs_block_device.#": "0",
                            "ebs_optimized": "false",
                            "ephemeral_block_device.#": "0",
                            "iam_instance_profile": "",
                            "id": "i-0bc5114b74bb85011",
                            "instance_state": "running",
                            "instance_type": "m3.medium",
                            "ipv6_addresses.#": "0",
                            "key_name": "",
                            "monitoring": "false",
                            "network_interface.#": "0",
                            "network_interface_id": "eni-bd6cb628",
                            "primary_network_interface_id": "eni-bd6cb628",
                            "private_dns": "ip-172-31-88-28.ec2.internal",
                            "private_ip": "172.31.88.28",
                            "public_dns": "ec2-54-84-220-169.compute-1.amazonaws.com",
                            "public_ip": "54.84.220.169",
                            "root_block_device.#": "0",
                            "security_groups.#": "1",
                            "security_groups.3814588639": "default",
                            "source_dest_check": "true",
                            "subnet_id": "subnet-e6f086ca",
                            "tags.%": "0",
                            "tenancy": "default",
                            "volume_tags.%": "0",
                            "vpc_security_group_ids.#": "0"
                        },
                        "meta": {
                            "e2bfb730-ecaa-11e6-8f88-34363bc7c4c0": {
                                "create": 600000000000,
                                "delete": 600000000000,
                                "update": 600000000000
                            },
                            "schema_version": "1"
                        },
                        "tainted": false
                    },
                    "deposed": [],
                    "provider": ""
                }
            },
            "depends_on": []
        }
    ]
}
